
Microsoft Visual Studio Solution File, Format Version 12.00
# Visual Studio 15
VisualStudioVersion = 15.0.27703.2042
MinimumVisualStudioVersion = 10.0.40219.1
Project("{FAE04EC0-301F-11D3-BF4B-00C04F79EFBC}") = "HelloWorld", "HelloWorld\HelloWorld.csproj", "{DD6AD586-E5F6-4E92-8F6D-73BC08FF7F33}"
EndProject
Global
	GlobalSection(SolutionConfigurationPlatforms) = preSolution
		Debug|Any CPU = Debug|Any CPU
		Release|Any CPU = Release|Any CPU
	EndGlobalSection
	GlobalSection(ProjectConfigurationPlatforms) = postSolution
		{DD6AD586-E5F6-4E92-8F6D-73BC08FF7F33}.Debug|Any CPU.ActiveCfg = Debug|Any CPU
		{DD6AD586-E5F6-4E92-8F6D-73BC08FF7F33}.Debug|Any CPU.Build.0 = Debug|Any CPU
		{DD6AD586-E5F6-4E92-8F6D-73BC08FF7F33}.Release|Any CPU.ActiveCfg = Release|Any CPU
		{DD6AD586-E5F6-4E92-8F6D-73BC08FF7F33}.Release|Any CPU.Build.0 = Release|Any CPU
	EndGlobalSection
	GlobalSection(SolutionProperties) = preSolution
		HideSolutionNode = FALSE
	EndGlobalSection
	GlobalSection(ExtensibilityGlobals) = postSolution
		SolutionGuid = {459E9C8D-6EB4-468E-A0A9-B65FBC9E4FA2}
	EndGlobalSection
EndGlobal
